
Microsoft Visual Studio Solution File, Format Version 12.00
# Visual Studio Version 17
VisualStudioVersion = 17.3.32929.385
MinimumVisualStudioVersion = 10.0.40219.1
Project("{9A19103F-16F7-4668-BE54-9A1E7A4F7556}") = "Domainmodel", "Domainmodel\Domainmodel.csproj", "{EF3CD321-0CA7-42AA-B6F7-4D2C0849F14C}"
EndProject
Project("{9A19103F-16F7-4668-BE54-9A1E7A4F7556}") = "App", "App\App.csproj", "{C316E51D-601F-4773-90D8-5535547FD5EB}"
EndProject
Global
	GlobalSection(SolutionConfigurationPlatforms) = preSolution
		Debug|Any CPU = Debug|Any CPU
		Release|Any CPU = Release|Any CPU
	EndGlobalSection
	GlobalSection(ProjectConfigurationPlatforms) = postSolution
		{EF3CD321-0CA7-42AA-B6F7-4D2C0849F14C}.Debug|Any CPU.ActiveCfg = Debug|Any CPU
		{EF3CD321-0CA7-42AA-B6F7-4D2C0849F14C}.Debug|Any CPU.Build.0 = Debug|Any CPU
		{EF3CD321-0CA7-42AA-B6F7-4D2C0849F14C}.Release|Any CPU.ActiveCfg = Release|Any CPU
		{EF3CD321-0CA7-42AA-B6F7-4D2C0849F14C}.Release|Any CPU.Build.0 = Release|Any CPU
		{C316E51D-601F-4773-90D8-5535547FD5EB}.Debug|Any CPU.ActiveCfg = Debug|Any CPU
		{C316E51D-601F-4773-90D8-5535547FD5EB}.Debug|Any CPU.Build.0 = Debug|Any CPU
		{C316E51D-601F-4773-90D8-5535547FD5EB}.Release|Any CPU.ActiveCfg = Release|Any CPU
		{C316E51D-601F-4773-90D8-5535547FD5EB}.Release|Any CPU.Build.0 = Release|Any CPU
	EndGlobalSection
	GlobalSection(SolutionProperties) = preSolution
		HideSolutionNode = FALSE
	EndGlobalSection
	GlobalSection(ExtensibilityGlobals) = postSolution
		SolutionGuid = {9333E6A3-07B0-465A-B3D4-48DFCAC5CFF7}
	EndGlobalSection
EndGlobal
